// !$*UTF8*$!
{
	archiveVersion = 1;
	classes = {
	};
	objectVersion = 46;
	objects = {

/* Begin PBXBuildFile section */
		4802D59F1C6A7DDC00B02F5B /* Intro.storyboard in Resources */ = {isa = PBXBuildFile; fileRef = 4802D59D1C6A7DDC00B02F5B /* Intro.storyboard */; };
		483A1C411C6D27BD0050486E /* Cinefil.storyboard in Resources */ = {isa = PBXBuildFile; fileRef = 483A1C3F1C6D27BD0050486E /* Cinefil.storyboard */; };
		487185F91C67F364005CAA47 /* AppDelegate.swift in Sources */ = {isa = PBXBuildFile; fileRef = 487185F81C67F364005CAA47 /* AppDelegate.swift */; };
		487186001C67F364005CAA47 /* Assets.xcassets in Resources */ = {isa = PBXBuildFile; fileRef = 487185FF1C67F364005CAA47 /* Assets.xcassets */; };
		487186031C67F364005CAA47 /* LaunchScreen.storyboard in Resources */ = {isa = PBXBuildFile; fileRef = 487186011C67F364005CAA47 /* LaunchScreen.storyboard */; };
		489AEDD31C6FDAF300B86208 /* MovieDBService.swift in Sources */ = {isa = PBXBuildFile; fileRef = 489AEDD21C6FDAF300B86208 /* MovieDBService.swift */; };
		489AEDDA1C6FE48F00B86208 /* AllocineService.swift in Sources */ = {isa = PBXBuildFile; fileRef = 489AEDD91C6FE48F00B86208 /* AllocineService.swift */; };
		489AEDE71C6FE74F00B86208 /* CinefilBaseVC.swift in Sources */ = {isa = PBXBuildFile; fileRef = 489AEDDC1C6FE74F00B86208 /* CinefilBaseVC.swift */; };
		489AEDE81C6FE74F00B86208 /* IntroCinefilVC.swift in Sources */ = {isa = PBXBuildFile; fileRef = 489AEDDE1C6FE74F00B86208 /* IntroCinefilVC.swift */; };
		489AEDE91C6FE74F00B86208 /* IntroDirectorVC.swift in Sources */ = {isa = PBXBuildFile; fileRef = 489AEDDF1C6FE74F00B86208 /* IntroDirectorVC.swift */; };
		489AEDEA1C6FE74F00B86208 /* IntroUpcomingVC.swift in Sources */ = {isa = PBXBuildFile; fileRef = 489AEDE01C6FE74F00B86208 /* IntroUpcomingVC.swift */; };
		489AEDEB1C6FE74F00B86208 /* IntroVC.swift in Sources */ = {isa = PBXBuildFile; fileRef = 489AEDE11C6FE74F00B86208 /* IntroVC.swift */; };
		489AEDEC1C6FE74F00B86208 /* CinefilVC.swift in Sources */ = {isa = PBXBuildFile; fileRef = 489AEDE31C6FE74F00B86208 /* CinefilVC.swift */; };
		489AEDED1C6FE74F00B86208 /* TabBarController.swift in Sources */ = {isa = PBXBuildFile; fileRef = 489AEDE41C6FE74F00B86208 /* TabBarController.swift */; };
		489AEDEE1C6FE74F00B86208 /* UserManager.swift in Sources */ = {isa = PBXBuildFile; fileRef = 489AEDE61C6FE74F00B86208 /* UserManager.swift */; };
/* End PBXBuildFile section */

/* Begin PBXFileReference section */
		4802D59E1C6A7DDC00B02F5B /* Base */ = {isa = PBXFileReference; lastKnownFileType = file.storyboard; name = Base; path = Base.lproj/Intro.storyboard; sourceTree = "<group>"; };
		483A1C401C6D27BD0050486E /* Base */ = {isa = PBXFileReference; lastKnownFileType = file.storyboard; name = Base; path = Base.lproj/Cinefil.storyboard; sourceTree = "<group>"; };
		487185F51C67F364005CAA47 /* cinefil.app */ = {isa = PBXFileReference; explicitFileType = wrapper.application; includeInIndex = 0; path = cinefil.app; sourceTree = BUILT_PRODUCTS_DIR; };
		487185F81C67F364005CAA47 /* AppDelegate.swift */ = {isa = PBXFileReference; lastKnownFileType = sourcecode.swift; path = AppDelegate.swift; sourceTree = "<group>"; };
		487185FF1C67F364005CAA47 /* Assets.xcassets */ = {isa = PBXFileReference; lastKnownFileType = folder.assetcatalog; path = Assets.xcassets; sourceTree = "<group>"; };
		487186021C67F364005CAA47 /* Base */ = {isa = PBXFileReference; lastKnownFileType = file.storyboard; name = Base; path = Base.lproj/LaunchScreen.storyboard; sourceTree = "<group>"; };
		487186041C67F364005CAA47 /* Info.plist */ = {isa = PBXFileReference; lastKnownFileType = text.plist.xml; path = Info.plist; sourceTree = "<group>"; };
		489AEDD21C6FDAF300B86208 /* MovieDBService.swift */ = {isa = PBXFileReference; fileEncoding = 4; lastKnownFileType = sourcecode.swift; path = MovieDBService.swift; sourceTree = "<group>"; };
		489AEDD91C6FE48F00B86208 /* AllocineService.swift */ = {isa = PBXFileReference; fileEncoding = 4; lastKnownFileType = sourcecode.swift; path = AllocineService.swift; sourceTree = "<group>"; };
		489AEDDC1C6FE74F00B86208 /* CinefilBaseVC.swift */ = {isa = PBXFileReference; fileEncoding = 4; lastKnownFileType = sourcecode.swift; path = CinefilBaseVC.swift; sourceTree = "<group>"; };
		489AEDDE1C6FE74F00B86208 /* IntroCinefilVC.swift */ = {isa = PBXFileReference; fileEncoding = 4; lastKnownFileType = sourcecode.swift; path = IntroCinefilVC.swift; sourceTree = "<group>"; };
		489AEDDF1C6FE74F00B86208 /* IntroDirectorVC.swift */ = {isa = PBXFileReference; fileEncoding = 4; lastKnownFileType = sourcecode.swift; path = IntroDirectorVC.swift; sourceTree = "<group>"; };
		489AEDE01C6FE74F00B86208 /* IntroUpcomingVC.swift */ = {isa = PBXFileReference; fileEncoding = 4; lastKnownFileType = sourcecode.swift; path = IntroUpcomingVC.swift; sourceTree = "<group>"; };
		489AEDE11C6FE74F00B86208 /* IntroVC.swift */ = {isa = PBXFileReference; fileEncoding = 4; lastKnownFileType = sourcecode.swift; path = IntroVC.swift; sourceTree = "<group>"; };
		489AEDE31C6FE74F00B86208 /* CinefilVC.swift */ = {isa = PBXFileReference; fileEncoding = 4; lastKnownFileType = sourcecode.swift; path = CinefilVC.swift; sourceTree = "<group>"; };
		489AEDE41C6FE74F00B86208 /* TabBarController.swift */ = {isa = PBXFileReference; fileEncoding = 4; lastKnownFileType = sourcecode.swift; path = TabBarController.swift; sourceTree = "<group>"; };
		489AEDE61C6FE74F00B86208 /* UserManager.swift */ = {isa = PBXFileReference; fileEncoding = 4; lastKnownFileType = sourcecode.swift; path = UserManager.swift; sourceTree = "<group>"; };
/* End PBXFileReference section */

/* Begin PBXFrameworksBuildPhase section */
		487185F21C67F364005CAA47 /* Frameworks */ = {
			isa = PBXFrameworksBuildPhase;
			buildActionMask = 2147483647;
			files = (
			);
			runOnlyForDeploymentPostprocessing = 0;
		};
/* End PBXFrameworksBuildPhase section */

/* Begin PBXGroup section */
		487185EC1C67F364005CAA47 = {
			isa = PBXGroup;
			children = (
				487185F71C67F364005CAA47 /* cinefil */,
				487185F61C67F364005CAA47 /* Products */,
			);
			sourceTree = "<group>";
		};
		487185F61C67F364005CAA47 /* Products */ = {
			isa = PBXGroup;
			children = (
				487185F51C67F364005CAA47 /* cinefil.app */,
			);
			name = Products;
			sourceTree = "<group>";
		};
		487185F71C67F364005CAA47 /* cinefil */ = {
			isa = PBXGroup;
			children = (
				487185F81C67F364005CAA47 /* AppDelegate.swift */,
				487186011C67F364005CAA47 /* LaunchScreen.storyboard */,
				4802D59D1C6A7DDC00B02F5B /* Intro.storyboard */,
				483A1C3F1C6D27BD0050486E /* Cinefil.storyboard */,
				487185FF1C67F364005CAA47 /* Assets.xcassets */,
				489AEDDB1C6FE74F00B86208 /* Controller */,
				489AEDE51C6FE74F00B86208 /* Manager */,
				489AEDD11C6FDAD100B86208 /* Service */,
				4871860A1C67F5D1005CAA47 /* Supporting Files */,
			);
			path = cinefil;
			sourceTree = "<group>";
		};
		4871860A1C67F5D1005CAA47 /* Supporting Files */ = {
			isa = PBXGroup;
			children = (
				487186041C67F364005CAA47 /* Info.plist */,
			);
			name = "Supporting Files";
			sourceTree = "<group>";
		};
		489AEDD11C6FDAD100B86208 /* Service */ = {
			isa = PBXGroup;
			children = (
				489AEDD21C6FDAF300B86208 /* MovieDBService.swift */,
				489AEDD91C6FE48F00B86208 /* AllocineService.swift */,
			);
			path = Service;
			sourceTree = "<group>";
		};
		489AEDDB1C6FE74F00B86208 /* Controller */ = {
			isa = PBXGroup;
			children = (
				489AEDDC1C6FE74F00B86208 /* CinefilBaseVC.swift */,
				489AEDE41C6FE74F00B86208 /* TabBarController.swift */,
				489AEDDD1C6FE74F00B86208 /* Intro */,
				489AEDE21C6FE74F00B86208 /* Movie */,
			);
			path = Controller;
			sourceTree = "<group>";
		};
		489AEDDD1C6FE74F00B86208 /* Intro */ = {
			isa = PBXGroup;
			children = (
				489AEDDE1C6FE74F00B86208 /* IntroCinefilVC.swift */,
				489AEDDF1C6FE74F00B86208 /* IntroDirectorVC.swift */,
				489AEDE01C6FE74F00B86208 /* IntroUpcomingVC.swift */,
				489AEDE11C6FE74F00B86208 /* IntroVC.swift */,
			);
			path = Intro;
			sourceTree = "<group>";
		};
		489AEDE21C6FE74F00B86208 /* Movie */ = {
			isa = PBXGroup;
			children = (
				489AEDE31C6FE74F00B86208 /* CinefilVC.swift */,
			);
			path = Movie;
			sourceTree = "<group>";
		};
		489AEDE51C6FE74F00B86208 /* Manager */ = {
			isa = PBXGroup;
			children = (
				489AEDE61C6FE74F00B86208 /* UserManager.swift */,
			);
			path = Manager;
			sourceTree = "<group>";
		};
/* End PBXGroup section */

/* Begin PBXNativeTarget section */
		487185F41C67F364005CAA47 /* cinefil */ = {
			isa = PBXNativeTarget;
			buildConfigurationList = 487186071C67F364005CAA47 /* Build configuration list for PBXNativeTarget "cinefil" */;
			buildPhases = (
				487185F11C67F364005CAA47 /* Sources */,
				487185F21C67F364005CAA47 /* Frameworks */,
				487185F31C67F364005CAA47 /* Resources */,
			);
			buildRules = (
			);
			dependencies = (
			);
			name = cinefil;
			productName = cinefil;
			productReference = 487185F51C67F364005CAA47 /* cinefil.app */;
			productType = "com.apple.product-type.application";
		};
/* End PBXNativeTarget section */

/* Begin PBXProject section */
		487185ED1C67F364005CAA47 /* Project object */ = {
			isa = PBXProject;
			attributes = {
				LastSwiftUpdateCheck = 0720;
				LastUpgradeCheck = 0720;
				ORGANIZATIONNAME = zhou;
				TargetAttributes = {
					487185F41C67F364005CAA47 = {
						CreatedOnToolsVersion = 7.2.1;
					};
				};
			};
			buildConfigurationList = 487185F01C67F364005CAA47 /* Build configuration list for PBXProject "cinefil" */;
			compatibilityVersion = "Xcode 3.2";
			developmentRegion = English;
			hasScannedForEncodings = 0;
			knownRegions = (
				en,
				Base,
			);
			mainGroup = 487185EC1C67F364005CAA47;
			productRefGroup = 487185F61C67F364005CAA47 /* Products */;
			projectDirPath = "";
			projectRoot = "";
			targets = (
				487185F41C67F364005CAA47 /* cinefil */,
			);
		};
/* End PBXProject section */

/* Begin PBXResourcesBuildPhase section */
		487185F31C67F364005CAA47 /* Resources */ = {
			isa = PBXResourcesBuildPhase;
			buildActionMask = 2147483647;
			files = (
				487186031C67F364005CAA47 /* LaunchScreen.storyboard in Resources */,
				487186001C67F364005CAA47 /* Assets.xcassets in Resources */,
				483A1C411C6D27BD0050486E /* Cinefil.storyboard in Resources */,
				4802D59F1C6A7DDC00B02F5B /* Intro.storyboard in Resources */,
			);
			runOnlyForDeploymentPostprocessing = 0;
		};
/* End PBXResourcesBuildPhase section */

/* Begin PBXSourcesBuildPhase section */
		487185F11C67F364005CAA47 /* Sources */ = {
			isa = PBXSourcesBuildPhase;
			buildActionMask = 2147483647;
			files = (
				489AEDE71C6FE74F00B86208 /* CinefilBaseVC.swift in Sources */,
				489AEDE91C6FE74F00B86208 /* IntroDirectorVC.swift in Sources */,
				489AEDEA1C6FE74F00B86208 /* IntroUpcomingVC.swift in Sources */,
				489AEDED1C6FE74F00B86208 /* TabBarController.swift in Sources */,
				489AEDE81C6FE74F00B86208 /* IntroCinefilVC.swift in Sources */,
				489AEDD31C6FDAF300B86208 /* MovieDBService.swift in Sources */,
				489AEDEC1C6FE74F00B86208 /* CinefilVC.swift in Sources */,
				489AEDEB1C6FE74F00B86208 /* IntroVC.swift in Sources */,
				489AEDDA1C6FE48F00B86208 /* AllocineService.swift in Sources */,
				489AEDEE1C6FE74F00B86208 /* UserManager.swift in Sources */,
				487185F91C67F364005CAA47 /* AppDelegate.swift in Sources */,
			);
			runOnlyForDeploymentPostprocessing = 0;
		};
/* End PBXSourcesBuildPhase section */

/* Begin PBXVariantGroup section */
		4802D59D1C6A7DDC00B02F5B /* Intro.storyboard */ = {
			isa = PBXVariantGroup;
			children = (
				4802D59E1C6A7DDC00B02F5B /* Base */,
			);
			name = Intro.storyboard;
			sourceTree = "<group>";
		};
		483A1C3F1C6D27BD0050486E /* Cinefil.storyboard */ = {
			isa = PBXVariantGroup;
			children = (
				483A1C401C6D27BD0050486E /* Base */,
			);
			name = Cinefil.storyboard;
			sourceTree = "<group>";
		};
		487186011C67F364005CAA47 /* LaunchScreen.storyboard */ = {
			isa = PBXVariantGroup;
			children = (
				487186021C67F364005CAA47 /* Base */,
			);
			name = LaunchScreen.storyboard;
			sourceTree = "<group>";
		};
/* End PBXVariantGroup section */

/* Begin XCBuildConfiguration section */
		487186051C67F364005CAA47 /* Debug */ = {
			isa = XCBuildConfiguration;
			buildSettings = {
				ALWAYS_SEARCH_USER_PATHS = NO;
				CLANG_CXX_LANGUAGE_STANDARD = "gnu++0x";
				CLANG_CXX_LIBRARY = "libc++";
				CLANG_ENABLE_MODULES = YES;
				CLANG_ENABLE_OBJC_ARC = YES;
				CLANG_WARN_BOOL_CONVERSION = YES;
				CLANG_WARN_CONSTANT_CONVERSION = YES;
				CLANG_WARN_DIRECT_OBJC_ISA_USAGE = YES_ERROR;
				CLANG_WARN_EMPTY_BODY = YES;
				CLANG_WARN_ENUM_CONVERSION = YES;
				CLANG_WARN_INT_CONVERSION = YES;
				CLANG_WARN_OBJC_ROOT_CLASS = YES_ERROR;
				CLANG_WARN_UNREACHABLE_CODE = YES;
				CLANG_WARN__DUPLICATE_METHOD_MATCH = YES;
				"CODE_SIGN_IDENTITY[sdk=iphoneos*]" = "iPhone Developer";
				COPY_PHASE_STRIP = NO;
				DEBUG_INFORMATION_FORMAT = dwarf;
				ENABLE_STRICT_OBJC_MSGSEND = YES;
				ENABLE_TESTABILITY = YES;
				GCC_C_LANGUAGE_STANDARD = gnu99;
				GCC_DYNAMIC_NO_PIC = NO;
				GCC_NO_COMMON_BLOCKS = YES;
				GCC_OPTIMIZATION_LEVEL = 0;
				GCC_PREPROCESSOR_DEFINITIONS = (
					"DEBUG=1",
					"$(inherited)",
				);
				GCC_WARN_64_TO_32_BIT_CONVERSION = YES;
				GCC_WARN_ABOUT_RETURN_TYPE = YES_ERROR;
				GCC_WARN_UNDECLARED_SELECTOR = YES;
				GCC_WARN_UNINITIALIZED_AUTOS = YES_AGGRESSIVE;
				GCC_WARN_UNUSED_FUNCTION = YES;
				GCC_WARN_UNUSED_VARIABLE = YES;
				IPHONEOS_DEPLOYMENT_TARGET = 9.2;
				MTL_ENABLE_DEBUG_INFO = YES;
				ONLY_ACTIVE_ARCH = YES;
				SDKROOT = iphoneos;
				SWIFT_OPTIMIZATION_LEVEL = "-Onone";
				TARGETED_DEVICE_FAMILY = "1,2";
			};
			name = Debug;
		};
		487186061C67F364005CAA47 /* Release */ = {
			isa = XCBuildConfiguration;
			buildSettings = {
				ALWAYS_SEARCH_USER_PATHS = NO;
				CLANG_CXX_LANGUAGE_STANDARD = "gnu++0x";
				CLANG_CXX_LIBRARY = "libc++";
				CLANG_ENABLE_MODULES = YES;
				CLANG_ENABLE_OBJC_ARC = YES;
				CLANG_WARN_BOOL_CONVERSION = YES;
				CLANG_WARN_CONSTANT_CONVERSION = YES;
				CLANG_WARN_DIRECT_OBJC_ISA_USAGE = YES_ERROR;
				CLANG_WARN_EMPTY_BODY = YES;
				CLANG_WARN_ENUM_CONVERSION = YES;
				CLANG_WARN_INT_CONVERSION = YES;
				CLANG_WARN_OBJC_ROOT_CLASS = YES_ERROR;
				CLANG_WARN_UNREACHABLE_CODE = YES;
				CLANG_WARN__DUPLICATE_METHOD_MATCH = YES;
				"CODE_SIGN_IDENTITY[sdk=iphoneos*]" = "iPhone Developer";
				COPY_PHASE_STRIP = NO;
				DEBUG_INFORMATION_FORMAT = "dwarf-with-dsym";
				ENABLE_NS_ASSERTIONS = NO;
				ENABLE_STRICT_OBJC_MSGSEND = YES;
				GCC_C_LANGUAGE_STANDARD = gnu99;
				GCC_NO_COMMON_BLOCKS = YES;
				GCC_WARN_64_TO_32_BIT_CONVERSION = YES;
				GCC_WARN_ABOUT_RETURN_TYPE = YES_ERROR;
				GCC_WARN_UNDECLARED_SELECTOR = YES;
				GCC_WARN_UNINITIALIZED_AUTOS = YES_AGGRESSIVE;
				GCC_WARN_UNUSED_FUNCTION = YES;
				GCC_WARN_UNUSED_VARIABLE = YES;
				IPHONEOS_DEPLOYMENT_TARGET = 9.2;
				MTL_ENABLE_DEBUG_INFO = NO;
				SDKROOT = iphoneos;
				TARGETED_DEVICE_FAMILY = "1,2";
				VALIDATE_PRODUCT = YES;
			};
			name = Release;
		};
		487186081C67F364005CAA47 /* Debug */ = {
			isa = XCBuildConfiguration;
			buildSettings = {
				ASSETCATALOG_COMPILER_APPICON_NAME = AppIcon;
				INFOPLIST_FILE = cinefil/Info.plist;
				LD_RUNPATH_SEARCH_PATHS = "$(inherited) @executable_path/Frameworks";
				PRODUCT_BUNDLE_IDENTIFIER = "Fong-Zhou.cinefil";
				PRODUCT_NAME = "$(TARGET_NAME)";
			};
			name = Debug;
		};
		487186091C67F364005CAA47 /* Release */ = {
			isa = XCBuildConfiguration;
			buildSettings = {
				ASSETCATALOG_COMPILER_APPICON_NAME = AppIcon;
				INFOPLIST_FILE = cinefil/Info.plist;
				LD_RUNPATH_SEARCH_PATHS = "$(inherited) @executable_path/Frameworks";
				PRODUCT_BUNDLE_IDENTIFIER = "Fong-Zhou.cinefil";
				PRODUCT_NAME = "$(TARGET_NAME)";
			};
			name = Release;
		};
/* End XCBuildConfiguration section */

/* Begin XCConfigurationList section */
		487185F01C67F364005CAA47 /* Build configuration list for PBXProject "cinefil" */ = {
			isa = XCConfigurationList;
			buildConfigurations = (
				487186051C67F364005CAA47 /* Debug */,
				487186061C67F364005CAA47 /* Release */,
			);
			defaultConfigurationIsVisible = 0;
			defaultConfigurationName = Release;
		};
		487186071C67F364005CAA47 /* Build configuration list for PBXNativeTarget "cinefil" */ = {
			isa = XCConfigurationList;
			buildConfigurations = (
				487186081C67F364005CAA47 /* Debug */,
				487186091C67F364005CAA47 /* Release */,
			);
			defaultConfigurationIsVisible = 0;
			defaultConfigurationName = Release;
		};
/* End XCConfigurationList section */
	};
	rootObject = 487185ED1C67F364005CAA47 /* Project object */;
}
